
Microsoft Visual Studio Solution File, Format Version 12.00
# Visual Studio Version 16
VisualStudioVersion = 16.0.30114.105
MinimumVisualStudioVersion = 10.0.40219.1
Project("{FAE04EC0-301F-11D3-BF4B-00C04F79EFBC}") = "PlanManagementService", "PlanManagementService\PlanManagementService.csproj", "{3704A1CA-E170-4371-B3E9-DE8E8A222736}"
EndProject
Project("{FAE04EC0-301F-11D3-BF4B-00C04F79EFBC}") = "CropScheduleService", "CropScheduleService\CropScheduleService.csproj", "{0DAE68FD-4C98-473E-A98D-81D590B8E596}"
EndProject
Project("{FAE04EC0-301F-11D3-BF4B-00C04F79EFBC}") = "CropService", "CropService\CropService.csproj", "{5B492AB2-D9F2-47C2-9B39-0CCBBA73F019}"
EndProject
Project("{FAE04EC0-301F-11D3-BF4B-00C04F79EFBC}") = "GatewayService", "GatewayService\GatewayService.csproj", "{C8F759F6-CCEC-41AB-A9CA-98607C059265}"
EndProject
Global
	GlobalSection(SolutionConfigurationPlatforms) = preSolution
		Debug|Any CPU = Debug|Any CPU
		Release|Any CPU = Release|Any CPU
	EndGlobalSection
	GlobalSection(SolutionProperties) = preSolution
		HideSolutionNode = FALSE
	EndGlobalSection
	GlobalSection(ProjectConfigurationPlatforms) = postSolution
		{3704A1CA-E170-4371-B3E9-DE8E8A222736}.Debug|Any CPU.ActiveCfg = Debug|Any CPU
		{3704A1CA-E170-4371-B3E9-DE8E8A222736}.Debug|Any CPU.Build.0 = Debug|Any CPU
		{3704A1CA-E170-4371-B3E9-DE8E8A222736}.Release|Any CPU.ActiveCfg = Release|Any CPU
		{3704A1CA-E170-4371-B3E9-DE8E8A222736}.Release|Any CPU.Build.0 = Release|Any CPU
		{0DAE68FD-4C98-473E-A98D-81D590B8E596}.Debug|Any CPU.ActiveCfg = Debug|Any CPU
		{0DAE68FD-4C98-473E-A98D-81D590B8E596}.Debug|Any CPU.Build.0 = Debug|Any CPU
		{0DAE68FD-4C98-473E-A98D-81D590B8E596}.Release|Any CPU.ActiveCfg = Release|Any CPU
		{0DAE68FD-4C98-473E-A98D-81D590B8E596}.Release|Any CPU.Build.0 = Release|Any CPU
		{5B492AB2-D9F2-47C2-9B39-0CCBBA73F019}.Debug|Any CPU.ActiveCfg = Debug|Any CPU
		{5B492AB2-D9F2-47C2-9B39-0CCBBA73F019}.Debug|Any CPU.Build.0 = Debug|Any CPU
		{5B492AB2-D9F2-47C2-9B39-0CCBBA73F019}.Release|Any CPU.ActiveCfg = Release|Any CPU
		{5B492AB2-D9F2-47C2-9B39-0CCBBA73F019}.Release|Any CPU.Build.0 = Release|Any CPU
		{C8F759F6-CCEC-41AB-A9CA-98607C059265}.Debug|Any CPU.ActiveCfg = Debug|Any CPU
		{C8F759F6-CCEC-41AB-A9CA-98607C059265}.Debug|Any CPU.Build.0 = Debug|Any CPU
		{C8F759F6-CCEC-41AB-A9CA-98607C059265}.Release|Any CPU.ActiveCfg = Release|Any CPU
		{C8F759F6-CCEC-41AB-A9CA-98607C059265}.Release|Any CPU.Build.0 = Release|Any CPU
	EndGlobalSection
EndGlobal
